// !$*UTF8*$!
{
	archiveVersion = 1;
	classes = {
	};
	objectVersion = 46;
	objects = {

/* Begin PBXBuildFile section */
		CCBF176C6DA5C13BA7016138 /* Pods_App.framework in Frameworks */ = {isa = PBXBuildFile; fileRef = 86268EC3B42FE16C1EB304EA /* Pods_App.framework */; };
		D2C5CED61DB2654000EF4C2A /* AppDelegate.swift in Sources */ = {isa = PBXBuildFile; fileRef = D2C5CED51DB2654000EF4C2A /* AppDelegate.swift */; };
		D2C5CED81DB2654000EF4C2A /* AppViewController.swift in Sources */ = {isa = PBXBuildFile; fileRef = D2C5CED71DB2654000EF4C2A /* AppViewController.swift */; };
		D2C5CEDB1DB2654000EF4C2A /* Main.storyboard in Resources */ = {isa = PBXBuildFile; fileRef = D2C5CED91DB2654000EF4C2A /* Main.storyboard */; };
		D2C5CEDD1DB2654000EF4C2A /* Assets.xcassets in Resources */ = {isa = PBXBuildFile; fileRef = D2C5CEDC1DB2654000EF4C2A /* Assets.xcassets */; };
		D2C5CEE01DB2654000EF4C2A /* LaunchScreen.storyboard in Resources */ = {isa = PBXBuildFile; fileRef = D2C5CEDE1DB2654000EF4C2A /* LaunchScreen.storyboard */; };
/* End PBXBuildFile section */

/* Begin PBXFileReference section */
		0D4B6295DB5F97C6120058B4 /* Pods-App.release.xcconfig */ = {isa = PBXFileReference; includeInIndex = 1; lastKnownFileType = text.xcconfig; name = "Pods-App.release.xcconfig"; path = "../Pods/Target Support Files/Pods-App/Pods-App.release.xcconfig"; sourceTree = "<group>"; };
		86268EC3B42FE16C1EB304EA /* Pods_App.framework */ = {isa = PBXFileReference; explicitFileType = wrapper.framework; includeInIndex = 0; path = Pods_App.framework; sourceTree = BUILT_PRODUCTS_DIR; };
		D2C5CED21DB2654000EF4C2A /* App.app */ = {isa = PBXFileReference; explicitFileType = wrapper.application; includeInIndex = 0; path = App.app; sourceTree = BUILT_PRODUCTS_DIR; };
		D2C5CED51DB2654000EF4C2A /* AppDelegate.swift */ = {isa = PBXFileReference; lastKnownFileType = sourcecode.swift; path = AppDelegate.swift; sourceTree = "<group>"; };
		D2C5CED71DB2654000EF4C2A /* AppViewController.swift */ = {isa = PBXFileReference; lastKnownFileType = sourcecode.swift; path = AppViewController.swift; sourceTree = "<group>"; };
		D2C5CEDA1DB2654000EF4C2A /* Base */ = {isa = PBXFileReference; lastKnownFileType = file.storyboard; name = Base; path = Base.lproj/Main.storyboard; sourceTree = "<group>"; };
		D2C5CEDC1DB2654000EF4C2A /* Assets.xcassets */ = {isa = PBXFileReference; lastKnownFileType = folder.assetcatalog; path = Assets.xcassets; sourceTree = "<group>"; };
		D2C5CEDF1DB2654000EF4C2A /* Base */ = {isa = PBXFileReference; lastKnownFileType = file.storyboard; name = Base; path = Base.lproj/LaunchScreen.storyboard; sourceTree = "<group>"; };
		D2C5CEE11DB2654000EF4C2A /* Info.plist */ = {isa = PBXFileReference; lastKnownFileType = text.plist.xml; path = Info.plist; sourceTree = "<group>"; };
		E99BF25C318EFAB433743FCA /* Pods-App.debug.xcconfig */ = {isa = PBXFileReference; includeInIndex = 1; lastKnownFileType = text.xcconfig; name = "Pods-App.debug.xcconfig"; path = "../Pods/Target Support Files/Pods-App/Pods-App.debug.xcconfig"; sourceTree = "<group>"; };
/* End PBXFileReference section */

/* Begin PBXFrameworksBuildPhase section */
		D2C5CECF1DB2653F00EF4C2A /* Frameworks */ = {
			isa = PBXFrameworksBuildPhase;
			buildActionMask = 2147483647;
			files = (
				CCBF176C6DA5C13BA7016138 /* Pods_App.framework in Frameworks */,
			);
			runOnlyForDeploymentPostprocessing = 0;
		};
/* End PBXFrameworksBuildPhase section */

/* Begin PBXGroup section */
		6349EF89688C09299456AA2D /* Pods */ = {
			isa = PBXGroup;
			children = (
				E99BF25C318EFAB433743FCA /* Pods-App.debug.xcconfig */,
				0D4B6295DB5F97C6120058B4 /* Pods-App.release.xcconfig */,
			);
			name = Pods;
			sourceTree = "<group>";
		};
		D2C5CEC91DB2653F00EF4C2A = {
			isa = PBXGroup;
			children = (
				D2C5CED41DB2654000EF4C2A /* App */,
				D2C5CED31DB2654000EF4C2A /* Products */,
				6349EF89688C09299456AA2D /* Pods */,
				D6B075618A1151E94975B9BC /* Frameworks */,
			);
			sourceTree = "<group>";
		};
		D2C5CED31DB2654000EF4C2A /* Products */ = {
			isa = PBXGroup;
			children = (
				D2C5CED21DB2654000EF4C2A /* App.app */,
			);
			name = Products;
			sourceTree = "<group>";
		};
		D2C5CED41DB2654000EF4C2A /* App */ = {
			isa = PBXGroup;
			children = (
				D2C5CED51DB2654000EF4C2A /* AppDelegate.swift */,
				D2C5CED71DB2654000EF4C2A /* AppViewController.swift */,
				D2C5CED91DB2654000EF4C2A /* Main.storyboard */,
				D2C5CEDC1DB2654000EF4C2A /* Assets.xcassets */,
				D2C5CEDE1DB2654000EF4C2A /* LaunchScreen.storyboard */,
				D2C5CEE11DB2654000EF4C2A /* Info.plist */,
			);
			path = App;
			sourceTree = "<group>";
		};
		D6B075618A1151E94975B9BC /* Frameworks */ = {
			isa = PBXGroup;
			children = (
				86268EC3B42FE16C1EB304EA /* Pods_App.framework */,
			);
			name = Frameworks;
			sourceTree = "<group>";
		};
/* End PBXGroup section */

/* Begin PBXNativeTarget section */
		D2C5CED11DB2653F00EF4C2A /* App */ = {
			isa = PBXNativeTarget;
			buildConfigurationList = D2C5CEE41DB2654000EF4C2A /* Build configuration list for PBXNativeTarget "App" */;
			buildPhases = (
				208BF5BE72A86C4127B994CD /* [CP] Check Pods Manifest.lock */,
				D2C5CECE1DB2653F00EF4C2A /* Sources */,
				D2C5CECF1DB2653F00EF4C2A /* Frameworks */,
				D2C5CED01DB2653F00EF4C2A /* Resources */,
				2561D28E70F855159F748A08 /* [CP] Embed Pods Frameworks */,
				C1D4719CD2D38DD515A8F3C3 /* [CP] Copy Pods Resources */,
			);
			buildRules = (
			);
			dependencies = (
			);
			name = App;
			productName = App;
			productReference = D2C5CED21DB2654000EF4C2A /* App.app */;
			productType = "com.apple.product-type.application";
		};
/* End PBXNativeTarget section */

/* Begin PBXProject section */
		D2C5CECA1DB2653F00EF4C2A /* Project object */ = {
			isa = PBXProject;
			attributes = {
				LastSwiftUpdateCheck = 0800;
				LastUpgradeCheck = 0800;
				ORGANIZATIONNAME = "Jan Cassio";
				TargetAttributes = {
					D2C5CED11DB2653F00EF4C2A = {
						CreatedOnToolsVersion = 8.0;
						DevelopmentTeam = 5HA8PNB4HA;
						ProvisioningStyle = Automatic;
					};
				};
			};
			buildConfigurationList = D2C5CECD1DB2653F00EF4C2A /* Build configuration list for PBXProject "App" */;
			compatibilityVersion = "Xcode 3.2";
			developmentRegion = English;
			hasScannedForEncodings = 0;
			knownRegions = (
				en,
				Base,
			);
			mainGroup = D2C5CEC91DB2653F00EF4C2A;
			productRefGroup = D2C5CED31DB2654000EF4C2A /* Products */;
			projectDirPath = "";
			projectRoot = "";
			targets = (
				D2C5CED11DB2653F00EF4C2A /* App */,
			);
		};
/* End PBXProject section */

/* Begin PBXResourcesBuildPhase section */
		D2C5CED01DB2653F00EF4C2A /* Resources */ = {
			isa = PBXResourcesBuildPhase;
			buildActionMask = 2147483647;
			files = (
				D2C5CEE01DB2654000EF4C2A /* LaunchScreen.storyboard in Resources */,
				D2C5CEDD1DB2654000EF4C2A /* Assets.xcassets in Resources */,
				D2C5CEDB1DB2654000EF4C2A /* Main.storyboard in Resources */,
			);
			runOnlyForDeploymentPostprocessing = 0;
		};
/* End PBXResourcesBuildPhase section */

/* Begin PBXShellScriptBuildPhase section */
		208BF5BE72A86C4127B994CD /* [CP] Check Pods Manifest.lock */ = {
			isa = PBXShellScriptBuildPhase;
			buildActionMask = 2147483647;
			files = (
			);
			inputPaths = (
			);
			name = "[CP] Check Pods Manifest.lock";
			outputPaths = (
			);
			runOnlyForDeploymentPostprocessing = 0;
			shellPath = /bin/sh;
			shellScript = "diff \"${PODS_ROOT}/../Podfile.lock\" \"${PODS_ROOT}/Manifest.lock\" > /dev/null\nif [[ $? != 0 ]] ; then\n    cat << EOM\nerror: The sandbox is not in sync with the Podfile.lock. Run 'pod install' or update your CocoaPods installation.\nEOM\n    exit 1\nfi\n";
			showEnvVarsInLog = 0;
		};
		2561D28E70F855159F748A08 /* [CP] Embed Pods Frameworks */ = {
			isa = PBXShellScriptBuildPhase;
			buildActionMask = 2147483647;
			files = (
			);
			inputPaths = (
			);
			name = "[CP] Embed Pods Frameworks";
			outputPaths = (
			);
			runOnlyForDeploymentPostprocessing = 0;
			shellPath = /bin/sh;
			shellScript = "\"${SRCROOT}/../Pods/Target Support Files/Pods-App/Pods-App-frameworks.sh\"\n";
			showEnvVarsInLog = 0;
		};
		C1D4719CD2D38DD515A8F3C3 /* [CP] Copy Pods Resources */ = {
			isa = PBXShellScriptBuildPhase;
			buildActionMask = 2147483647;
			files = (
			);
			inputPaths = (
			);
			name = "[CP] Copy Pods Resources";
			outputPaths = (
			);
			runOnlyForDeploymentPostprocessing = 0;
			shellPath = /bin/sh;
			shellScript = "\"${SRCROOT}/../Pods/Target Support Files/Pods-App/Pods-App-resources.sh\"\n";
			showEnvVarsInLog = 0;
		};
/* End PBXShellScriptBuildPhase section */

/* Begin PBXSourcesBuildPhase section */
		D2C5CECE1DB2653F00EF4C2A /* Sources */ = {
			isa = PBXSourcesBuildPhase;
			buildActionMask = 2147483647;
			files = (
				D2C5CED81DB2654000EF4C2A /* AppViewController.swift in Sources */,
				D2C5CED61DB2654000EF4C2A /* AppDelegate.swift in Sources */,
			);
			runOnlyForDeploymentPostprocessing = 0;
		};
/* End PBXSourcesBuildPhase section */

/* Begin PBXVariantGroup section */
		D2C5CED91DB2654000EF4C2A /* Main.storyboard */ = {
			isa = PBXVariantGroup;
			children = (
				D2C5CEDA1DB2654000EF4C2A /* Base */,
			);
			name = Main.storyboard;
			sourceTree = "<group>";
		};
		D2C5CEDE1DB2654000EF4C2A /* LaunchScreen.storyboard */ = {
			isa = PBXVariantGroup;
			children = (
				D2C5CEDF1DB2654000EF4C2A /* Base */,
			);
			name = LaunchScreen.storyboard;
			sourceTree = "<group>";
		};
/* End PBXVariantGroup section */

/* Begin XCBuildConfiguration section */
		D2C5CEE21DB2654000EF4C2A /* Debug */ = {
			isa = XCBuildConfiguration;
			buildSettings = {
				ALWAYS_SEARCH_USER_PATHS = NO;
				CLANG_ANALYZER_NONNULL = YES;
				CLANG_CXX_LANGUAGE_STANDARD = "gnu++0x";
				CLANG_CXX_LIBRARY = "libc++";
				CLANG_ENABLE_MODULES = YES;
				CLANG_ENABLE_OBJC_ARC = YES;
				CLANG_WARN_BOOL_CONVERSION = YES;
				CLANG_WARN_CONSTANT_CONVERSION = YES;
				CLANG_WARN_DIRECT_OBJC_ISA_USAGE = YES_ERROR;
				CLANG_WARN_DOCUMENTATION_COMMENTS = YES;
				CLANG_WARN_EMPTY_BODY = YES;
				CLANG_WARN_ENUM_CONVERSION = YES;
				CLANG_WARN_INFINITE_RECURSION = YES;
				CLANG_WARN_INT_CONVERSION = YES;
				CLANG_WARN_OBJC_ROOT_CLASS = YES_ERROR;
				CLANG_WARN_SUSPICIOUS_MOVES = YES;
				CLANG_WARN_UNREACHABLE_CODE = YES;
				CLANG_WARN__DUPLICATE_METHOD_MATCH = YES;
				"CODE_SIGN_IDENTITY[sdk=iphoneos*]" = "iPhone Developer";
				COPY_PHASE_STRIP = NO;
				DEBUG_INFORMATION_FORMAT = dwarf;
				ENABLE_STRICT_OBJC_MSGSEND = YES;
				ENABLE_TESTABILITY = YES;
				GCC_C_LANGUAGE_STANDARD = gnu99;
				GCC_DYNAMIC_NO_PIC = NO;
				GCC_NO_COMMON_BLOCKS = YES;
				GCC_OPTIMIZATION_LEVEL = 0;
				GCC_PREPROCESSOR_DEFINITIONS = (
					"DEBUG=1",
					"$(inherited)",
				);
				GCC_WARN_64_TO_32_BIT_CONVERSION = YES;
				GCC_WARN_ABOUT_RETURN_TYPE = YES_ERROR;
				GCC_WARN_UNDECLARED_SELECTOR = YES;
				GCC_WARN_UNINITIALIZED_AUTOS = YES_AGGRESSIVE;
				GCC_WARN_UNUSED_FUNCTION = YES;
				GCC_WARN_UNUSED_VARIABLE = YES;
				IPHONEOS_DEPLOYMENT_TARGET = 10.0;
				MTL_ENABLE_DEBUG_INFO = YES;
				ONLY_ACTIVE_ARCH = YES;
				SDKROOT = iphoneos;
				SWIFT_ACTIVE_COMPILATION_CONDITIONS = DEBUG;
				SWIFT_OPTIMIZATION_LEVEL = "-Onone";
			};
			name = Debug;
		};
		D2C5CEE31DB2654000EF4C2A /* Release */ = {
			isa = XCBuildConfiguration;
			buildSettings = {
				ALWAYS_SEARCH_USER_PATHS = NO;
				CLANG_ANALYZER_NONNULL = YES;
				CLANG_CXX_LANGUAGE_STANDARD = "gnu++0x";
				CLANG_CXX_LIBRARY = "libc++";
				CLANG_ENABLE_MODULES = YES;
				CLANG_ENABLE_OBJC_ARC = YES;
				CLANG_WARN_BOOL_CONVERSION = YES;
				CLANG_WARN_CONSTANT_CONVERSION = YES;
				CLANG_WARN_DIRECT_OBJC_ISA_USAGE = YES_ERROR;
				CLANG_WARN_DOCUMENTATION_COMMENTS = YES;
				CLANG_WARN_EMPTY_BODY = YES;
				CLANG_WARN_ENUM_CONVERSION = YES;
				CLANG_WARN_INFINITE_RECURSION = YES;
				CLANG_WARN_INT_CONVERSION = YES;
				CLANG_WARN_OBJC_ROOT_CLASS = YES_ERROR;
				CLANG_WARN_SUSPICIOUS_MOVES = YES;
				CLANG_WARN_UNREACHABLE_CODE = YES;
				CLANG_WARN__DUPLICATE_METHOD_MATCH = YES;
				"CODE_SIGN_IDENTITY[sdk=iphoneos*]" = "iPhone Developer";
				COPY_PHASE_STRIP = NO;
				DEBUG_INFORMATION_FORMAT = "dwarf-with-dsym";
				ENABLE_NS_ASSERTIONS = NO;
				ENABLE_STRICT_OBJC_MSGSEND = YES;
				GCC_C_LANGUAGE_STANDARD = gnu99;
				GCC_NO_COMMON_BLOCKS = YES;
				GCC_WARN_64_TO_32_BIT_CONVERSION = YES;
				GCC_WARN_ABOUT_RETURN_TYPE = YES_ERROR;
				GCC_WARN_UNDECLARED_SELECTOR = YES;
				GCC_WARN_UNINITIALIZED_AUTOS = YES_AGGRESSIVE;
				GCC_WARN_UNUSED_FUNCTION = YES;
				GCC_WARN_UNUSED_VARIABLE = YES;
				IPHONEOS_DEPLOYMENT_TARGET = 10.0;
				MTL_ENABLE_DEBUG_INFO = NO;
				SDKROOT = iphoneos;
				SWIFT_OPTIMIZATION_LEVEL = "-Owholemodule";
				VALIDATE_PRODUCT = YES;
			};
			name = Release;
		};
		D2C5CEE51DB2654000EF4C2A /* Debug */ = {
			isa = XCBuildConfiguration;
			baseConfigurationReference = E99BF25C318EFAB433743FCA /* Pods-App.debug.xcconfig */;
			buildSettings = {
				ASSETCATALOG_COMPILER_APPICON_NAME = AppIcon;
				DEVELOPMENT_TEAM = 5HA8PNB4HA;
				INFOPLIST_FILE = App/Info.plist;
				IPHONEOS_DEPLOYMENT_TARGET = 9.3;
				LD_RUNPATH_SEARCH_PATHS = "$(inherited) @executable_path/Frameworks";
				PRODUCT_BUNDLE_IDENTIFIER = com.jancassio.iosmodule.App;
				PRODUCT_NAME = "$(TARGET_NAME)";
				SWIFT_VERSION = 3.0;
				TARGETED_DEVICE_FAMILY = "1,2";
			};
			name = Debug;
		};
		D2C5CEE61DB2654000EF4C2A /* Release */ = {
			isa = XCBuildConfiguration;
			baseConfigurationReference = 0D4B6295DB5F97C6120058B4 /* Pods-App.release.xcconfig */;
			buildSettings = {
				ASSETCATALOG_COMPILER_APPICON_NAME = AppIcon;
				DEVELOPMENT_TEAM = 5HA8PNB4HA;
				INFOPLIST_FILE = App/Info.plist;
				IPHONEOS_DEPLOYMENT_TARGET = 9.3;
				LD_RUNPATH_SEARCH_PATHS = "$(inherited) @executable_path/Frameworks";
				PRODUCT_BUNDLE_IDENTIFIER = com.jancassio.iosmodule.App;
				PRODUCT_NAME = "$(TARGET_NAME)";
				SWIFT_VERSION = 3.0;
				TARGETED_DEVICE_FAMILY = "1,2";
			};
			name = Release;
		};
/* End XCBuildConfiguration section */

/* Begin XCConfigurationList section */
		D2C5CECD1DB2653F00EF4C2A /* Build configuration list for PBXProject "App" */ = {
			isa = XCConfigurationList;
			buildConfigurations = (
				D2C5CEE21DB2654000EF4C2A /* Debug */,
				D2C5CEE31DB2654000EF4C2A /* Release */,
			);
			defaultConfigurationIsVisible = 0;
			defaultConfigurationName = Release;
		};
		D2C5CEE41DB2654000EF4C2A /* Build configuration list for PBXNativeTarget "App" */ = {
			isa = XCConfigurationList;
			buildConfigurations = (
				D2C5CEE51DB2654000EF4C2A /* Debug */,
				D2C5CEE61DB2654000EF4C2A /* Release */,
			);
			defaultConfigurationIsVisible = 0;
			defaultConfigurationName = Release;
		};
/* End XCConfigurationList section */
	};
	rootObject = D2C5CECA1DB2653F00EF4C2A /* Project object */;
}
